<?xml version="1.0" encoding="utf-8"?>
<Project ToolsVersion="4.0" xmlns="http://schemas.microsoft.com/developer/msbuild/2003">
  <ItemGroup>
    <Filter Include="Archivos de origen">
      <UniqueIdentifier>{4FC737F1-C7A5-4376-A066-2A32D752A2FF}</UniqueIdentifier>
      <Extensions>cpp;c;cc;cxx;c++;def;odl;idl;hpj;bat;asm;asmx</Extensions>
    </Filter>
    <Filter Include="Archivos de encabezado">
      <UniqueIdentifier>{93995380-89BD-4b04-88EB-625FBE52EBFB}</UniqueIdentifier>
      <Extensions>h;hh;hpp;hxx;h++;hm;inl;inc;ipp;xsd</Extensions>
    </Filter>
    <Filter Include="Archivos de recursos">
      <UniqueIdentifier>{67DA6AB6-F800-4c08-8B7A-83BB121AAD01}</UniqueIdentifier>
      <Extensions>rc;ico;cur;bmp;dlg;rc2;rct;bin;rgs;gif;jpg;jpeg;jpe;resx;tiff;tif;png;wav;mfcribbon-ms</Extensions>
    </Filter>
    <Filter Include="src">
      <UniqueIdentifier>{b94b920b-6bbb-44b1-b008-e6287bed28e9}</UniqueIdentifier>
    </Filter>
    <Filter Include="src\Utils">
      <UniqueIdentifier>{ad405e85-f65e-4311-bdce-96d1bf8b3f14}</UniqueIdentifier>
    </Filter>
    <Filter Include="src\Core">
      <UniqueIdentifier>{b4e4384e-0caf-4c39-8498-f9b80e4bf0a7}</UniqueIdentifier>
    </Filter>
    <Filter Include="src\Utils\Serialization">
      <UniqueIdentifier>{fd025689-9553-4ec1-b7c3-432e7c6855ed}</UniqueIdentifier>
    </Filter>
    <Filter Include="src\Utils\Serialization\JSON">
      <UniqueIdentifier>{c65598dc-02fe-4c95-8cad-28fa50a87ab2}</UniqueIdentifier>
    </Filter>
    <Filter Include="src\Gfx">
      <UniqueIdentifier>{7f0d748c-71d2-42f8-a659-ef3e6dd9f91d}</UniqueIdentifier>
    </Filter>
    <Filter Include="src\Gfx\shaders">
      <UniqueIdentifier>{275def80-a144-4fbc-a07c-2ef5c04fed4b}</UniqueIdentifier>
    </Filter>
  </ItemGroup>
  <ItemGroup>
    <ClCompile Include="src\Gfx\Window.cpp">
      <Filter>src\Gfx</Filter>
    </ClCompile>
    <ClCompile Include="src\Utils\Utils.cpp">
      <Filter>src\Utils</Filter>
    </ClCompile>
    <ClCompile Include="src\Gfx\glad.c">
      <Filter>src\Gfx</Filter>
    </ClCompile>
    <ClCompile Include="src\Core\Base.cpp">
      <Filter>src\Core</Filter>
    </ClCompile>
    <ClCompile Include="src\Core\Rtti.cpp">
      <Filter>src\Core</Filter>
    </ClCompile>
    <ClCompile Include="src\Core\System.cpp">
      <Filter>src\Core</Filter>
    </ClCompile>
    <ClCompile Include="src\Gfx\Vertex.cpp">
      <Filter>src\Gfx</Filter>
    </ClCompile>
    <ClCompile Include="src\Gfx\Shader.cpp">
      <Filter>src\Gfx</Filter>
    </ClCompile>
    <ClCompile Include="src\Gfx\ShaderProgram.cpp">
      <Filter>src\Gfx</Filter>
    </ClCompile>
    <ClCompile Include="src\Gfx\GfxSystem.cpp">
      <Filter>src\Gfx</Filter>
    </ClCompile>
    <ClCompile Include="src\Gfx\Renderable.cpp">
      <Filter>src\Gfx</Filter>
    </ClCompile>
    <ClCompile Include="src\Gfx\Texture.cpp">
      <Filter>src\Gfx</Filter>
    </ClCompile>
    <ClCompile Include="src\Gfx\Camera.cpp">
      <Filter>src\Gfx</Filter>
    </ClCompile>
    <ClCompile Include="src\Utils\Serialization\ISerializer.cpp">
      <Filter>src\Utils\Serialization</Filter>
    </ClCompile>
    <ClCompile Include="src\Core\Application.cpp">
      <Filter>src\Core</Filter>
    </ClCompile>
    <ClCompile Include="src\Main.cpp">
      <Filter>src</Filter>
    </ClCompile>
  </ItemGroup>
  <ItemGroup>
    <ClInclude Include="src\Gfx\Window.h">
      <Filter>src\Gfx</Filter>
    </ClInclude>
    <ClInclude Include="src\Utils\Utils.h">
      <Filter>src\Utils</Filter>
    </ClInclude>
    <ClInclude Include="src\Core\Base.h">
      <Filter>src\Core</Filter>
    </ClInclude>
    <ClInclude Include="src\Core\Rtti.h">
      <Filter>src\Core</Filter>
    </ClInclude>
    <ClInclude Include="src\Utils\Serialization\ISerializer.h">
      <Filter>src\Utils\Serialization</Filter>
    </ClInclude>
    <ClInclude Include="src\Utils\Serialization\JSON\JSONSerializer.h">
      <Filter>src\Utils\Serialization\JSON</Filter>
    </ClInclude>
    <ClInclude Include="src\Core\System.h">
      <Filter>src\Core</Filter>
    </ClInclude>
    <ClInclude Include="src\Core\DataTypes.h">
      <Filter>src\Core</Filter>
    </ClInclude>
    <ClInclude Include="src\Gfx\Vertex.h">
      <Filter>src\Gfx</Filter>
    </ClInclude>
    <ClInclude Include="src\Gfx\Shader.h">
      <Filter>src\Gfx</Filter>
    </ClInclude>
    <ClInclude Include="src\Gfx\ShaderProgram.h">
      <Filter>src\Gfx</Filter>
    </ClInclude>
    <ClInclude Include="src\Gfx\GfxSystem.h">
      <Filter>src\Gfx</Filter>
    </ClInclude>
    <ClInclude Include="src\Gfx\Renderable.h">
      <Filter>src\Gfx</Filter>
    </ClInclude>
    <ClInclude Include="src\Gfx\Texture.h">
      <Filter>src\Gfx</Filter>
    </ClInclude>
    <ClInclude Include="src\Gfx\Camera.h">
      <Filter>src\Gfx</Filter>
    </ClInclude>
    <ClInclude Include="src\Core\Application.h">
      <Filter>src\Core</Filter>
    </ClInclude>
  </ItemGroup>
  <ItemGroup>
    <None Include="src\Gfx\shaders\LightBox.frag">
      <Filter>src\Gfx\shaders</Filter>
    </None>
    <None Include="src\Gfx\shaders\LightBox.vert">
      <Filter>src\Gfx\shaders</Filter>
    </None>
    <None Include="src\Gfx\shaders\Lighting.frag">
      <Filter>src\Gfx\shaders</Filter>
    </None>
    <None Include="src\Gfx\shaders\Lighting.vert">
      <Filter>src\Gfx\shaders</Filter>
    </None>
    <None Include="src\Gfx\shaders\TextBox.frag">
      <Filter>src\Gfx\shaders</Filter>
    </None>
    <None Include="src\Gfx\shaders\TextBox.vert">
      <Filter>src\Gfx\shaders</Filter>
    </None>
    <None Include="src\Gfx\shaders\MaterialLighting.frag">
      <Filter>src\Gfx\shaders</Filter>
    </None>
    <None Include="src\Gfx\shaders\MaterialLighting.vert">
      <Filter>src\Gfx\shaders</Filter>
    </None>
  </ItemGroup>
</Project>